// !$*UTF8*$!
{
	archiveVersion = 1;
	classes = {
	};
	objectVersion = 50;
	objects = {

/* Begin PBXBuildFile section */
		6E84BC7922F7A76E00097FBB /* AppDelegate.swift in Sources */ = {isa = PBXBuildFile; fileRef = 6E84BC7822F7A76E00097FBB /* AppDelegate.swift */; };
		6E84BC7E22F7A76E00097FBB /* Main.storyboard in Resources */ = {isa = PBXBuildFile; fileRef = 6E84BC7C22F7A76E00097FBB /* Main.storyboard */; };
		6E84BC8022F7A77200097FBB /* Assets.xcassets in Resources */ = {isa = PBXBuildFile; fileRef = 6E84BC7F22F7A77200097FBB /* Assets.xcassets */; };
		6E84BC8322F7A77200097FBB /* LaunchScreen.storyboard in Resources */ = {isa = PBXBuildFile; fileRef = 6E84BC8122F7A77200097FBB /* LaunchScreen.storyboard */; };
		6E84BC8E22F7A77200097FBB /* vk_app_1Tests.swift in Sources */ = {isa = PBXBuildFile; fileRef = 6E84BC8D22F7A77200097FBB /* vk_app_1Tests.swift */; };
		6E84BC9922F7A77200097FBB /* vk_app_1UITests.swift in Sources */ = {isa = PBXBuildFile; fileRef = 6E84BC9822F7A77200097FBB /* vk_app_1UITests.swift */; };
		6E84BCA922F7ADED00097FBB /* LoginFormController.swift in Sources */ = {isa = PBXBuildFile; fileRef = 6E84BCA822F7ADED00097FBB /* LoginFormController.swift */; };
		6E97D9EC22FE3B2A009BE6EB /* FriendsController.swift in Sources */ = {isa = PBXBuildFile; fileRef = 6E97D9EB22FE3B2A009BE6EB /* FriendsController.swift */; };
		6E97D9EE22FE3B63009BE6EB /* GroupsController.swift in Sources */ = {isa = PBXBuildFile; fileRef = 6E97D9ED22FE3B63009BE6EB /* GroupsController.swift */; };
		6E97D9F022FE3B8F009BE6EB /* SearchGroupController.swift in Sources */ = {isa = PBXBuildFile; fileRef = 6E97D9EF22FE3B8F009BE6EB /* SearchGroupController.swift */; };
		6E97D9F222FE3BAA009BE6EB /* PhotoFriendController.swift in Sources */ = {isa = PBXBuildFile; fileRef = 6E97D9F122FE3BAA009BE6EB /* PhotoFriendController.swift */; };
/* End PBXBuildFile section */

/* Begin PBXContainerItemProxy section */
		6E84BC8A22F7A77200097FBB /* PBXContainerItemProxy */ = {
			isa = PBXContainerItemProxy;
			containerPortal = 6E84BC6D22F7A76E00097FBB /* Project object */;
			proxyType = 1;
			remoteGlobalIDString = 6E84BC7422F7A76E00097FBB;
			remoteInfo = vk_app_1;
		};
		6E84BC9522F7A77200097FBB /* PBXContainerItemProxy */ = {
			isa = PBXContainerItemProxy;
			containerPortal = 6E84BC6D22F7A76E00097FBB /* Project object */;
			proxyType = 1;
			remoteGlobalIDString = 6E84BC7422F7A76E00097FBB;
			remoteInfo = vk_app_1;
		};
/* End PBXContainerItemProxy section */

/* Begin PBXFileReference section */
		6E84BC7522F7A76E00097FBB /* vk_app_1.app */ = {isa = PBXFileReference; explicitFileType = wrapper.application; includeInIndex = 0; path = vk_app_1.app; sourceTree = BUILT_PRODUCTS_DIR; };
		6E84BC7822F7A76E00097FBB /* AppDelegate.swift */ = {isa = PBXFileReference; lastKnownFileType = sourcecode.swift; path = AppDelegate.swift; sourceTree = "<group>"; };
		6E84BC7D22F7A76E00097FBB /* Base */ = {isa = PBXFileReference; lastKnownFileType = file.storyboard; name = Base; path = Base.lproj/Main.storyboard; sourceTree = "<group>"; };
		6E84BC7F22F7A77200097FBB /* Assets.xcassets */ = {isa = PBXFileReference; lastKnownFileType = folder.assetcatalog; path = Assets.xcassets; sourceTree = "<group>"; };
		6E84BC8222F7A77200097FBB /* Base */ = {isa = PBXFileReference; lastKnownFileType = file.storyboard; name = Base; path = Base.lproj/LaunchScreen.storyboard; sourceTree = "<group>"; };
		6E84BC8422F7A77200097FBB /* Info.plist */ = {isa = PBXFileReference; lastKnownFileType = text.plist.xml; path = Info.plist; sourceTree = "<group>"; };
		6E84BC8922F7A77200097FBB /* vk_app_1Tests.xctest */ = {isa = PBXFileReference; explicitFileType = wrapper.cfbundle; includeInIndex = 0; path = vk_app_1Tests.xctest; sourceTree = BUILT_PRODUCTS_DIR; };
		6E84BC8D22F7A77200097FBB /* vk_app_1Tests.swift */ = {isa = PBXFileReference; lastKnownFileType = sourcecode.swift; path = vk_app_1Tests.swift; sourceTree = "<group>"; };
		6E84BC8F22F7A77200097FBB /* Info.plist */ = {isa = PBXFileReference; lastKnownFileType = text.plist.xml; path = Info.plist; sourceTree = "<group>"; };
		6E84BC9422F7A77200097FBB /* vk_app_1UITests.xctest */ = {isa = PBXFileReference; explicitFileType = wrapper.cfbundle; includeInIndex = 0; path = vk_app_1UITests.xctest; sourceTree = BUILT_PRODUCTS_DIR; };
		6E84BC9822F7A77200097FBB /* vk_app_1UITests.swift */ = {isa = PBXFileReference; lastKnownFileType = sourcecode.swift; path = vk_app_1UITests.swift; sourceTree = "<group>"; };
		6E84BC9A22F7A77200097FBB /* Info.plist */ = {isa = PBXFileReference; lastKnownFileType = text.plist.xml; path = Info.plist; sourceTree = "<group>"; };
		6E84BCA822F7ADED00097FBB /* LoginFormController.swift */ = {isa = PBXFileReference; lastKnownFileType = sourcecode.swift; path = LoginFormController.swift; sourceTree = "<group>"; };
		6E97D9EB22FE3B2A009BE6EB /* FriendsController.swift */ = {isa = PBXFileReference; lastKnownFileType = sourcecode.swift; path = FriendsController.swift; sourceTree = "<group>"; };
		6E97D9ED22FE3B63009BE6EB /* GroupsController.swift */ = {isa = PBXFileReference; lastKnownFileType = sourcecode.swift; path = GroupsController.swift; sourceTree = "<group>"; };
		6E97D9EF22FE3B8F009BE6EB /* SearchGroupController.swift */ = {isa = PBXFileReference; lastKnownFileType = sourcecode.swift; path = SearchGroupController.swift; sourceTree = "<group>"; };
		6E97D9F122FE3BAA009BE6EB /* PhotoFriendController.swift */ = {isa = PBXFileReference; lastKnownFileType = sourcecode.swift; path = PhotoFriendController.swift; sourceTree = "<group>"; };
/* End PBXFileReference section */

/* Begin PBXFrameworksBuildPhase section */
		6E84BC7222F7A76E00097FBB /* Frameworks */ = {
			isa = PBXFrameworksBuildPhase;
			buildActionMask = 2147483647;
			files = (
			);
			runOnlyForDeploymentPostprocessing = 0;
		};
		6E84BC8622F7A77200097FBB /* Frameworks */ = {
			isa = PBXFrameworksBuildPhase;
			buildActionMask = 2147483647;
			files = (
			);
			runOnlyForDeploymentPostprocessing = 0;
		};
		6E84BC9122F7A77200097FBB /* Frameworks */ = {
			isa = PBXFrameworksBuildPhase;
			buildActionMask = 2147483647;
			files = (
			);
			runOnlyForDeploymentPostprocessing = 0;
		};
/* End PBXFrameworksBuildPhase section */

/* Begin PBXGroup section */
		6E84BC6C22F7A76E00097FBB = {
			isa = PBXGroup;
			children = (
				6E84BC7722F7A76E00097FBB /* vk_app_1 */,
				6E84BC8C22F7A77200097FBB /* vk_app_1Tests */,
				6E84BC7622F7A76E00097FBB /* Products */,
				6E84BC9722F7A77200097FBB /* vk_app_1UITests */,
			);
			sourceTree = "<group>";
		};
		6E84BC7622F7A76E00097FBB /* Products */ = {
			isa = PBXGroup;
			children = (
				6E84BC7522F7A76E00097FBB /* vk_app_1.app */,
				6E84BC8922F7A77200097FBB /* vk_app_1Tests.xctest */,
				6E84BC9422F7A77200097FBB /* vk_app_1UITests.xctest */,
			);
			name = Products;
			sourceTree = "<group>";
		};
		6E84BC7722F7A76E00097FBB /* vk_app_1 */ = {
			isa = PBXGroup;
			children = (
				6E84BC7822F7A76E00097FBB /* AppDelegate.swift */,
				6E84BC8422F7A77200097FBB /* Info.plist */,
				6E97D9F322FE3BEF009BE6EB /* Controllers */,
				6E84BC7C22F7A76E00097FBB /* Main.storyboard */,
				6E84BC8122F7A77200097FBB /* LaunchScreen.storyboard */,
				6E84BC7F22F7A77200097FBB /* Assets.xcassets */,
			);
			path = vk_app_1;
			sourceTree = "<group>";
		};
		6E84BC8C22F7A77200097FBB /* vk_app_1Tests */ = {
			isa = PBXGroup;
			children = (
				6E84BC8D22F7A77200097FBB /* vk_app_1Tests.swift */,
				6E84BC8F22F7A77200097FBB /* Info.plist */,
			);
			path = vk_app_1Tests;
			sourceTree = "<group>";
		};
		6E84BC9722F7A77200097FBB /* vk_app_1UITests */ = {
			isa = PBXGroup;
			children = (
				6E84BC9822F7A77200097FBB /* vk_app_1UITests.swift */,
				6E84BC9A22F7A77200097FBB /* Info.plist */,
			);
			path = vk_app_1UITests;
			sourceTree = "<group>";
		};
		6E97D9F322FE3BEF009BE6EB /* Controllers */ = {
			isa = PBXGroup;
			children = (
				6E84BCA822F7ADED00097FBB /* LoginFormController.swift */,
				6E97D9EB22FE3B2A009BE6EB /* FriendsController.swift */,
				6E97D9F122FE3BAA009BE6EB /* PhotoFriendController.swift */,
				6E97D9ED22FE3B63009BE6EB /* GroupsController.swift */,
				6E97D9EF22FE3B8F009BE6EB /* SearchGroupController.swift */,
			);
			path = Controllers;
			sourceTree = "<group>";
		};
/* End PBXGroup section */

/* Begin PBXNativeTarget section */
		6E84BC7422F7A76E00097FBB /* vk_app_1 */ = {
			isa = PBXNativeTarget;
			buildConfigurationList = 6E84BC9D22F7A77200097FBB /* Build configuration list for PBXNativeTarget "vk_app_1" */;
			buildPhases = (
				6E84BC7122F7A76E00097FBB /* Sources */,
				6E84BC7222F7A76E00097FBB /* Frameworks */,
				6E84BC7322F7A76E00097FBB /* Resources */,
			);
			buildRules = (
			);
			dependencies = (
			);
			name = vk_app_1;
			productName = vk_app_1;
			productReference = 6E84BC7522F7A76E00097FBB /* vk_app_1.app */;
			productType = "com.apple.product-type.application";
		};
		6E84BC8822F7A77200097FBB /* vk_app_1Tests */ = {
			isa = PBXNativeTarget;
			buildConfigurationList = 6E84BCA022F7A77200097FBB /* Build configuration list for PBXNativeTarget "vk_app_1Tests" */;
			buildPhases = (
				6E84BC8522F7A77200097FBB /* Sources */,
				6E84BC8622F7A77200097FBB /* Frameworks */,
				6E84BC8722F7A77200097FBB /* Resources */,
			);
			buildRules = (
			);
			dependencies = (
				6E84BC8B22F7A77200097FBB /* PBXTargetDependency */,
			);
			name = vk_app_1Tests;
			productName = vk_app_1Tests;
			productReference = 6E84BC8922F7A77200097FBB /* vk_app_1Tests.xctest */;
			productType = "com.apple.product-type.bundle.unit-test";
		};
		6E84BC9322F7A77200097FBB /* vk_app_1UITests */ = {
			isa = PBXNativeTarget;
			buildConfigurationList = 6E84BCA322F7A77200097FBB /* Build configuration list for PBXNativeTarget "vk_app_1UITests" */;
			buildPhases = (
				6E84BC9022F7A77200097FBB /* Sources */,
				6E84BC9122F7A77200097FBB /* Frameworks */,
				6E84BC9222F7A77200097FBB /* Resources */,
			);
			buildRules = (
			);
			dependencies = (
				6E84BC9622F7A77200097FBB /* PBXTargetDependency */,
			);
			name = vk_app_1UITests;
			productName = vk_app_1UITests;
			productReference = 6E84BC9422F7A77200097FBB /* vk_app_1UITests.xctest */;
			productType = "com.apple.product-type.bundle.ui-testing";
		};
/* End PBXNativeTarget section */

/* Begin PBXProject section */
		6E84BC6D22F7A76E00097FBB /* Project object */ = {
			isa = PBXProject;
			attributes = {
				LastSwiftUpdateCheck = 1020;
				LastUpgradeCheck = 1020;
				ORGANIZATIONNAME = "Dmitrii Andreianov";
				TargetAttributes = {
					6E84BC7422F7A76E00097FBB = {
						CreatedOnToolsVersion = 10.2.1;
					};
					6E84BC8822F7A77200097FBB = {
						CreatedOnToolsVersion = 10.2.1;
						TestTargetID = 6E84BC7422F7A76E00097FBB;
					};
					6E84BC9322F7A77200097FBB = {
						CreatedOnToolsVersion = 10.2.1;
						TestTargetID = 6E84BC7422F7A76E00097FBB;
					};
				};
			};
			buildConfigurationList = 6E84BC7022F7A76E00097FBB /* Build configuration list for PBXProject "vk_app_1" */;
			compatibilityVersion = "Xcode 9.3";
			developmentRegion = en;
			hasScannedForEncodings = 0;
			knownRegions = (
				en,
				Base,
			);
			mainGroup = 6E84BC6C22F7A76E00097FBB;
			productRefGroup = 6E84BC7622F7A76E00097FBB /* Products */;
			projectDirPath = "";
			projectRoot = "";
			targets = (
				6E84BC7422F7A76E00097FBB /* vk_app_1 */,
				6E84BC8822F7A77200097FBB /* vk_app_1Tests */,
				6E84BC9322F7A77200097FBB /* vk_app_1UITests */,
			);
		};
/* End PBXProject section */

/* Begin PBXResourcesBuildPhase section */
		6E84BC7322F7A76E00097FBB /* Resources */ = {
			isa = PBXResourcesBuildPhase;
			buildActionMask = 2147483647;
			files = (
				6E84BC8322F7A77200097FBB /* LaunchScreen.storyboard in Resources */,
				6E84BC8022F7A77200097FBB /* Assets.xcassets in Resources */,
				6E84BC7E22F7A76E00097FBB /* Main.storyboard in Resources */,
			);
			runOnlyForDeploymentPostprocessing = 0;
		};
		6E84BC8722F7A77200097FBB /* Resources */ = {
			isa = PBXResourcesBuildPhase;
			buildActionMask = 2147483647;
			files = (
			);
			runOnlyForDeploymentPostprocessing = 0;
		};
		6E84BC9222F7A77200097FBB /* Resources */ = {
			isa = PBXResourcesBuildPhase;
			buildActionMask = 2147483647;
			files = (
			);
			runOnlyForDeploymentPostprocessing = 0;
		};
/* End PBXResourcesBuildPhase section */

/* Begin PBXSourcesBuildPhase section */
		6E84BC7122F7A76E00097FBB /* Sources */ = {
			isa = PBXSourcesBuildPhase;
			buildActionMask = 2147483647;
			files = (
				6E84BCA922F7ADED00097FBB /* LoginFormController.swift in Sources */,
				6E97D9F022FE3B8F009BE6EB /* SearchGroupController.swift in Sources */,
				6E97D9F222FE3BAA009BE6EB /* PhotoFriendController.swift in Sources */,
				6E97D9EE22FE3B63009BE6EB /* GroupsController.swift in Sources */,
				6E97D9EC22FE3B2A009BE6EB /* FriendsController.swift in Sources */,
				6E84BC7922F7A76E00097FBB /* AppDelegate.swift in Sources */,
			);
			runOnlyForDeploymentPostprocessing = 0;
		};
		6E84BC8522F7A77200097FBB /* Sources */ = {
			isa = PBXSourcesBuildPhase;
			buildActionMask = 2147483647;
			files = (
				6E84BC8E22F7A77200097FBB /* vk_app_1Tests.swift in Sources */,
			);
			runOnlyForDeploymentPostprocessing = 0;
		};
		6E84BC9022F7A77200097FBB /* Sources */ = {
			isa = PBXSourcesBuildPhase;
			buildActionMask = 2147483647;
			files = (
				6E84BC9922F7A77200097FBB /* vk_app_1UITests.swift in Sources */,
			);
			runOnlyForDeploymentPostprocessing = 0;
		};
/* End PBXSourcesBuildPhase section */

/* Begin PBXTargetDependency section */
		6E84BC8B22F7A77200097FBB /* PBXTargetDependency */ = {
			isa = PBXTargetDependency;
			target = 6E84BC7422F7A76E00097FBB /* vk_app_1 */;
			targetProxy = 6E84BC8A22F7A77200097FBB /* PBXContainerItemProxy */;
		};
		6E84BC9622F7A77200097FBB /* PBXTargetDependency */ = {
			isa = PBXTargetDependency;
			target = 6E84BC7422F7A76E00097FBB /* vk_app_1 */;
			targetProxy = 6E84BC9522F7A77200097FBB /* PBXContainerItemProxy */;
		};
/* End PBXTargetDependency section */

/* Begin PBXVariantGroup section */
		6E84BC7C22F7A76E00097FBB /* Main.storyboard */ = {
			isa = PBXVariantGroup;
			children = (
				6E84BC7D22F7A76E00097FBB /* Base */,
			);
			name = Main.storyboard;
			sourceTree = "<group>";
		};
		6E84BC8122F7A77200097FBB /* LaunchScreen.storyboard */ = {
			isa = PBXVariantGroup;
			children = (
				6E84BC8222F7A77200097FBB /* Base */,
			);
			name = LaunchScreen.storyboard;
			sourceTree = "<group>";
		};
/* End PBXVariantGroup section */

/* Begin XCBuildConfiguration section */
		6E84BC9B22F7A77200097FBB /* Debug */ = {
			isa = XCBuildConfiguration;
			buildSettings = {
				ALWAYS_SEARCH_USER_PATHS = NO;
				CLANG_ANALYZER_NONNULL = YES;
				CLANG_ANALYZER_NUMBER_OBJECT_CONVERSION = YES_AGGRESSIVE;
				CLANG_CXX_LANGUAGE_STANDARD = "gnu++14";
				CLANG_CXX_LIBRARY = "libc++";
				CLANG_ENABLE_MODULES = YES;
				CLANG_ENABLE_OBJC_ARC = YES;
				CLANG_ENABLE_OBJC_WEAK = YES;
				CLANG_WARN_BLOCK_CAPTURE_AUTORELEASING = YES;
				CLANG_WARN_BOOL_CONVERSION = YES;
				CLANG_WARN_COMMA = YES;
				CLANG_WARN_CONSTANT_CONVERSION = YES;
				CLANG_WARN_DEPRECATED_OBJC_IMPLEMENTATIONS = YES;
				CLANG_WARN_DIRECT_OBJC_ISA_USAGE = YES_ERROR;
				CLANG_WARN_DOCUMENTATION_COMMENTS = YES;
				CLANG_WARN_EMPTY_BODY = YES;
				CLANG_WARN_ENUM_CONVERSION = YES;
				CLANG_WARN_INFINITE_RECURSION = YES;
				CLANG_WARN_INT_CONVERSION = YES;
				CLANG_WARN_NON_LITERAL_NULL_CONVERSION = YES;
				CLANG_WARN_OBJC_IMPLICIT_RETAIN_SELF = YES;
				CLANG_WARN_OBJC_LITERAL_CONVERSION = YES;
				CLANG_WARN_OBJC_ROOT_CLASS = YES_ERROR;
				CLANG_WARN_RANGE_LOOP_ANALYSIS = YES;
				CLANG_WARN_STRICT_PROTOTYPES = YES;
				CLANG_WARN_SUSPICIOUS_MOVE = YES;
				CLANG_WARN_UNGUARDED_AVAILABILITY = YES_AGGRESSIVE;
				CLANG_WARN_UNREACHABLE_CODE = YES;
				CLANG_WARN__DUPLICATE_METHOD_MATCH = YES;
				CODE_SIGN_IDENTITY = "iPhone Developer";
				COPY_PHASE_STRIP = NO;
				DEBUG_INFORMATION_FORMAT = dwarf;
				ENABLE_STRICT_OBJC_MSGSEND = YES;
				ENABLE_TESTABILITY = YES;
				GCC_C_LANGUAGE_STANDARD = gnu11;
				GCC_DYNAMIC_NO_PIC = NO;
				GCC_NO_COMMON_BLOCKS = YES;
				GCC_OPTIMIZATION_LEVEL = 0;
				GCC_PREPROCESSOR_DEFINITIONS = (
					"DEBUG=1",
					"$(inherited)",
				);
				GCC_WARN_64_TO_32_BIT_CONVERSION = YES;
				GCC_WARN_ABOUT_RETURN_TYPE = YES_ERROR;
				GCC_WARN_UNDECLARED_SELECTOR = YES;
				GCC_WARN_UNINITIALIZED_AUTOS = YES_AGGRESSIVE;
				GCC_WARN_UNUSED_FUNCTION = YES;
				GCC_WARN_UNUSED_VARIABLE = YES;
				IPHONEOS_DEPLOYMENT_TARGET = 12.2;
				MTL_ENABLE_DEBUG_INFO = INCLUDE_SOURCE;
				MTL_FAST_MATH = YES;
				ONLY_ACTIVE_ARCH = YES;
				SDKROOT = iphoneos;
				SWIFT_ACTIVE_COMPILATION_CONDITIONS = DEBUG;
				SWIFT_OPTIMIZATION_LEVEL = "-Onone";
			};
			name = Debug;
		};
		6E84BC9C22F7A77200097FBB /* Release */ = {
			isa = XCBuildConfiguration;
			buildSettings = {
				ALWAYS_SEARCH_USER_PATHS = NO;
				CLANG_ANALYZER_NONNULL = YES;
				CLANG_ANALYZER_NUMBER_OBJECT_CONVERSION = YES_AGGRESSIVE;
				CLANG_CXX_LANGUAGE_STANDARD = "gnu++14";
				CLANG_CXX_LIBRARY = "libc++";
				CLANG_ENABLE_MODULES = YES;
				CLANG_ENABLE_OBJC_ARC = YES;
				CLANG_ENABLE_OBJC_WEAK = YES;
				CLANG_WARN_BLOCK_CAPTURE_AUTORELEASING = YES;
				CLANG_WARN_BOOL_CONVERSION = YES;
				CLANG_WARN_COMMA = YES;
				CLANG_WARN_CONSTANT_CONVERSION = YES;
				CLANG_WARN_DEPRECATED_OBJC_IMPLEMENTATIONS = YES;
				CLANG_WARN_DIRECT_OBJC_ISA_USAGE = YES_ERROR;
				CLANG_WARN_DOCUMENTATION_COMMENTS = YES;
				CLANG_WARN_EMPTY_BODY = YES;
				CLANG_WARN_ENUM_CONVERSION = YES;
				CLANG_WARN_INFINITE_RECURSION = YES;
				CLANG_WARN_INT_CONVERSION = YES;
				CLANG_WARN_NON_LITERAL_NULL_CONVERSION = YES;
				CLANG_WARN_OBJC_IMPLICIT_RETAIN_SELF = YES;
				CLANG_WARN_OBJC_LITERAL_CONVERSION = YES;
				CLANG_WARN_OBJC_ROOT_CLASS = YES_ERROR;
				CLANG_WARN_RANGE_LOOP_ANALYSIS = YES;
				CLANG_WARN_STRICT_PROTOTYPES = YES;
				CLANG_WARN_SUSPICIOUS_MOVE = YES;
				CLANG_WARN_UNGUARDED_AVAILABILITY = YES_AGGRESSIVE;
				CLANG_WARN_UNREACHABLE_CODE = YES;
				CLANG_WARN__DUPLICATE_METHOD_MATCH = YES;
				CODE_SIGN_IDENTITY = "iPhone Developer";
				COPY_PHASE_STRIP = NO;
				DEBUG_INFORMATION_FORMAT = "dwarf-with-dsym";
				ENABLE_NS_ASSERTIONS = NO;
				ENABLE_STRICT_OBJC_MSGSEND = YES;
				GCC_C_LANGUAGE_STANDARD = gnu11;
				GCC_NO_COMMON_BLOCKS = YES;
				GCC_WARN_64_TO_32_BIT_CONVERSION = YES;
				GCC_WARN_ABOUT_RETURN_TYPE = YES_ERROR;
				GCC_WARN_UNDECLARED_SELECTOR = YES;
				GCC_WARN_UNINITIALIZED_AUTOS = YES_AGGRESSIVE;
				GCC_WARN_UNUSED_FUNCTION = YES;
				GCC_WARN_UNUSED_VARIABLE = YES;
				IPHONEOS_DEPLOYMENT_TARGET = 12.2;
				MTL_ENABLE_DEBUG_INFO = NO;
				MTL_FAST_MATH = YES;
				SDKROOT = iphoneos;
				SWIFT_COMPILATION_MODE = wholemodule;
				SWIFT_OPTIMIZATION_LEVEL = "-O";
				VALIDATE_PRODUCT = YES;
			};
			name = Release;
		};
		6E84BC9E22F7A77200097FBB /* Debug */ = {
			isa = XCBuildConfiguration;
			buildSettings = {
				ASSETCATALOG_COMPILER_APPICON_NAME = AppIcon;
				CODE_SIGN_STYLE = Automatic;
				DEVELOPMENT_TEAM = WNXV3L45KV;
				INFOPLIST_FILE = vk_app_1/Info.plist;
				LD_RUNPATH_SEARCH_PATHS = (
					"$(inherited)",
					"@executable_path/Frameworks",
				);
				PRODUCT_BUNDLE_IDENTIFIER = "Dmitrii-Andreianov.vk-app-1";
				PRODUCT_NAME = "$(TARGET_NAME)";
				SWIFT_VERSION = 5.0;
				TARGETED_DEVICE_FAMILY = "1,2";
			};
			name = Debug;
		};
		6E84BC9F22F7A77200097FBB /* Release */ = {
			isa = XCBuildConfiguration;
			buildSettings = {
				ASSETCATALOG_COMPILER_APPICON_NAME = AppIcon;
				CODE_SIGN_STYLE = Automatic;
				DEVELOPMENT_TEAM = WNXV3L45KV;
				INFOPLIST_FILE = vk_app_1/Info.plist;
				LD_RUNPATH_SEARCH_PATHS = (
					"$(inherited)",
					"@executable_path/Frameworks",
				);
				PRODUCT_BUNDLE_IDENTIFIER = "Dmitrii-Andreianov.vk-app-1";
				PRODUCT_NAME = "$(TARGET_NAME)";
				SWIFT_VERSION = 5.0;
				TARGETED_DEVICE_FAMILY = "1,2";
			};
			name = Release;
		};
		6E84BCA122F7A77200097FBB /* Debug */ = {
			isa = XCBuildConfiguration;
			buildSettings = {
				ALWAYS_EMBED_SWIFT_STANDARD_LIBRARIES = YES;
				BUNDLE_LOADER = "$(TEST_HOST)";
				CODE_SIGN_STYLE = Automatic;
				DEVELOPMENT_TEAM = WNXV3L45KV;
				INFOPLIST_FILE = vk_app_1Tests/Info.plist;
				LD_RUNPATH_SEARCH_PATHS = (
					"$(inherited)",
					"@executable_path/Frameworks",
					"@loader_path/Frameworks",
				);
				PRODUCT_BUNDLE_IDENTIFIER = "Dmitrii-Andreianov.vk-app-1Tests";
				PRODUCT_NAME = "$(TARGET_NAME)";
				SWIFT_VERSION = 5.0;
				TARGETED_DEVICE_FAMILY = "1,2";
				TEST_HOST = "$(BUILT_PRODUCTS_DIR)/vk_app_1.app/vk_app_1";
			};
			name = Debug;
		};
		6E84BCA222F7A77200097FBB /* Release */ = {
			isa = XCBuildConfiguration;
			buildSettings = {
				ALWAYS_EMBED_SWIFT_STANDARD_LIBRARIES = YES;
				BUNDLE_LOADER = "$(TEST_HOST)";
				CODE_SIGN_STYLE = Automatic;
				DEVELOPMENT_TEAM = WNXV3L45KV;
				INFOPLIST_FILE = vk_app_1Tests/Info.plist;
				LD_RUNPATH_SEARCH_PATHS = (
					"$(inherited)",
					"@executable_path/Frameworks",
					"@loader_path/Frameworks",
				);
				PRODUCT_BUNDLE_IDENTIFIER = "Dmitrii-Andreianov.vk-app-1Tests";
				PRODUCT_NAME = "$(TARGET_NAME)";
				SWIFT_VERSION = 5.0;
				TARGETED_DEVICE_FAMILY = "1,2";
				TEST_HOST = "$(BUILT_PRODUCTS_DIR)/vk_app_1.app/vk_app_1";
			};
			name = Release;
		};
		6E84BCA422F7A77200097FBB /* Debug */ = {
			isa = XCBuildConfiguration;
			buildSettings = {
				ALWAYS_EMBED_SWIFT_STANDARD_LIBRARIES = YES;
				CODE_SIGN_STYLE = Automatic;
				DEVELOPMENT_TEAM = WNXV3L45KV;
				INFOPLIST_FILE = vk_app_1UITests/Info.plist;
				LD_RUNPATH_SEARCH_PATHS = (
					"$(inherited)",
					"@executable_path/Frameworks",
					"@loader_path/Frameworks",
				);
				PRODUCT_BUNDLE_IDENTIFIER = "Dmitrii-Andreianov.vk-app-1UITests";
				PRODUCT_NAME = "$(TARGET_NAME)";
				SWIFT_VERSION = 5.0;
				TARGETED_DEVICE_FAMILY = "1,2";
				TEST_TARGET_NAME = vk_app_1;
			};
			name = Debug;
		};
		6E84BCA522F7A77200097FBB /* Release */ = {
			isa = XCBuildConfiguration;
			buildSettings = {
				ALWAYS_EMBED_SWIFT_STANDARD_LIBRARIES = YES;
				CODE_SIGN_STYLE = Automatic;
				DEVELOPMENT_TEAM = WNXV3L45KV;
				INFOPLIST_FILE = vk_app_1UITests/Info.plist;
				LD_RUNPATH_SEARCH_PATHS = (
					"$(inherited)",
					"@executable_path/Frameworks",
					"@loader_path/Frameworks",
				);
				PRODUCT_BUNDLE_IDENTIFIER = "Dmitrii-Andreianov.vk-app-1UITests";
				PRODUCT_NAME = "$(TARGET_NAME)";
				SWIFT_VERSION = 5.0;
				TARGETED_DEVICE_FAMILY = "1,2";
				TEST_TARGET_NAME = vk_app_1;
			};
			name = Release;
		};
/* End XCBuildConfiguration section */

/* Begin XCConfigurationList section */
		6E84BC7022F7A76E00097FBB /* Build configuration list for PBXProject "vk_app_1" */ = {
			isa = XCConfigurationList;
			buildConfigurations = (
				6E84BC9B22F7A77200097FBB /* Debug */,
				6E84BC9C22F7A77200097FBB /* Release */,
			);
			defaultConfigurationIsVisible = 0;
			defaultConfigurationName = Release;
		};
		6E84BC9D22F7A77200097FBB /* Build configuration list for PBXNativeTarget "vk_app_1" */ = {
			isa = XCConfigurationList;
			buildConfigurations = (
				6E84BC9E22F7A77200097FBB /* Debug */,
				6E84BC9F22F7A77200097FBB /* Release */,
			);
			defaultConfigurationIsVisible = 0;
			defaultConfigurationName = Release;
		};
		6E84BCA022F7A77200097FBB /* Build configuration list for PBXNativeTarget "vk_app_1Tests" */ = {
			isa = XCConfigurationList;
			buildConfigurations = (
				6E84BCA122F7A77200097FBB /* Debug */,
				6E84BCA222F7A77200097FBB /* Release */,
			);
			defaultConfigurationIsVisible = 0;
			defaultConfigurationName = Release;
		};
		6E84BCA322F7A77200097FBB /* Build configuration list for PBXNativeTarget "vk_app_1UITests" */ = {
			isa = XCConfigurationList;
			buildConfigurations = (
				6E84BCA422F7A77200097FBB /* Debug */,
				6E84BCA522F7A77200097FBB /* Release */,
			);
			defaultConfigurationIsVisible = 0;
			defaultConfigurationName = Release;
		};
/* End XCConfigurationList section */
	};
	rootObject = 6E84BC6D22F7A76E00097FBB /* Project object */;
}
